
Microsoft Visual Studio Solution File, Format Version 12.00
# Visual Studio Version 16
VisualStudioVersion = 16.0.32106.194
MinimumVisualStudioVersion = 10.0.40219.1
Project("{8BC9CEB8-8B4A-11D0-8D11-00A0C91BC942}") = "DIY", "DIY.vcxproj", "{90BBC603-8E89-4D33-BE56-17847F854D45}"
EndProject
Global
	GlobalSection(SolutionConfigurationPlatforms) = preSolution
		Debug|x64 = Debug|x64
		Debug|x86 = Debug|x86
		Release|x64 = Release|x64
		Release|x86 = Release|x86
	EndGlobalSection
	GlobalSection(ProjectConfigurationPlatforms) = postSolution
		{90BBC603-8E89-4D33-BE56-17847F854D45}.Debug|x64.ActiveCfg = Debug|x64
		{90BBC603-8E89-4D33-BE56-17847F854D45}.Debug|x64.Build.0 = Debug|x64
		{90BBC603-8E89-4D33-BE56-17847F854D45}.Debug|x86.ActiveCfg = Debug|Win32
		{90BBC603-8E89-4D33-BE56-17847F854D45}.Debug|x86.Build.0 = Debug|Win32
		{90BBC603-8E89-4D33-BE56-17847F854D45}.Release|x64.ActiveCfg = Release|x64
		{90BBC603-8E89-4D33-BE56-17847F854D45}.Release|x64.Build.0 = Release|x64
		{90BBC603-8E89-4D33-BE56-17847F854D45}.Release|x86.ActiveCfg = Release|Win32
		{90BBC603-8E89-4D33-BE56-17847F854D45}.Release|x86.Build.0 = Release|Win32
	EndGlobalSection
	GlobalSection(SolutionProperties) = preSolution
		HideSolutionNode = FALSE
	EndGlobalSection
	GlobalSection(ExtensibilityGlobals) = postSolution
		SolutionGuid = {9E519E74-1B4A-4AD8-BDC7-9F7CDF744B6A}
	EndGlobalSection
EndGlobal
